
Microsoft Visual Studio Solution File, Format Version 12.00
Project("{FAE04EC0-301F-11D3-BF4B-00C04F79EFBC}") = "Blazor", "Blazor\Blazor.csproj", "{911956C2-F4B0-4C47-B4CE-B8CB1331EB7A}"
EndProject
Project("{FAE04EC0-301F-11D3-BF4B-00C04F79EFBC}") = "Services", "Services\Services.csproj", "{D5563454-CDB4-4E8F-B35C-17F9489191CE}"
EndProject
Project("{FAE04EC0-301F-11D3-BF4B-00C04F79EFBC}") = "Repositories", "Repositories\Repositories.csproj", "{8E59DDA2-2310-4ABE-AFE2-5CAC62C9AA26}"
EndProject
Global
	GlobalSection(SolutionConfigurationPlatforms) = preSolution
		Debug|Any CPU = Debug|Any CPU
		Release|Any CPU = Release|Any CPU
	EndGlobalSection
	GlobalSection(ProjectConfigurationPlatforms) = postSolution
		{911956C2-F4B0-4C47-B4CE-B8CB1331EB7A}.Debug|Any CPU.ActiveCfg = Debug|Any CPU
		{911956C2-F4B0-4C47-B4CE-B8CB1331EB7A}.Debug|Any CPU.Build.0 = Debug|Any CPU
		{911956C2-F4B0-4C47-B4CE-B8CB1331EB7A}.Release|Any CPU.ActiveCfg = Release|Any CPU
		{911956C2-F4B0-4C47-B4CE-B8CB1331EB7A}.Release|Any CPU.Build.0 = Release|Any CPU
		{D5563454-CDB4-4E8F-B35C-17F9489191CE}.Debug|Any CPU.ActiveCfg = Debug|Any CPU
		{D5563454-CDB4-4E8F-B35C-17F9489191CE}.Debug|Any CPU.Build.0 = Debug|Any CPU
		{D5563454-CDB4-4E8F-B35C-17F9489191CE}.Release|Any CPU.ActiveCfg = Release|Any CPU
		{D5563454-CDB4-4E8F-B35C-17F9489191CE}.Release|Any CPU.Build.0 = Release|Any CPU
		{8E59DDA2-2310-4ABE-AFE2-5CAC62C9AA26}.Debug|Any CPU.ActiveCfg = Debug|Any CPU
		{8E59DDA2-2310-4ABE-AFE2-5CAC62C9AA26}.Debug|Any CPU.Build.0 = Debug|Any CPU
		{8E59DDA2-2310-4ABE-AFE2-5CAC62C9AA26}.Release|Any CPU.ActiveCfg = Release|Any CPU
		{8E59DDA2-2310-4ABE-AFE2-5CAC62C9AA26}.Release|Any CPU.Build.0 = Release|Any CPU
	EndGlobalSection
EndGlobal
